// !$*UTF8*$!
{
	archiveVersion = 1;
	classes = {
	};
	objectVersion = 46;
	objects = {

/* Begin PBXBuildFile section */
		CC8128AE1CCF07B90086C214 /* LSCoreTool.framework in Frameworks */ = {isa = PBXBuildFile; fileRef = CC8128AD1CCF07B90086C214 /* LSCoreTool.framework */; };
		CC8128AF1CCF09600086C214 /* LSCoreTool.framework in Frameworks */ = {isa = PBXBuildFile; fileRef = CC8128AD1CCF07B90086C214 /* LSCoreTool.framework */; };
		CC8128B01CCF09600086C214 /* LSCoreTool.framework in Embed Frameworks */ = {isa = PBXBuildFile; fileRef = CC8128AD1CCF07B90086C214 /* LSCoreTool.framework */; settings = {ATTRIBUTES = (CodeSignOnCopy, RemoveHeadersOnCopy, ); }; };
		CCDB8B7C1CCDA4980005D0CC /* main.m in Sources */ = {isa = PBXBuildFile; fileRef = CCDB8B7B1CCDA4980005D0CC /* main.m */; };
		CCDB8B7F1CCDA4980005D0CC /* AppDelegate.m in Sources */ = {isa = PBXBuildFile; fileRef = CCDB8B7E1CCDA4980005D0CC /* AppDelegate.m */; };
		CCDB8B821CCDA4980005D0CC /* ViewController.m in Sources */ = {isa = PBXBuildFile; fileRef = CCDB8B811CCDA4980005D0CC /* ViewController.m */; };
		CCDB8B851CCDA4980005D0CC /* Main.storyboard in Resources */ = {isa = PBXBuildFile; fileRef = CCDB8B831CCDA4980005D0CC /* Main.storyboard */; };
		CCDB8B871CCDA4980005D0CC /* Assets.xcassets in Resources */ = {isa = PBXBuildFile; fileRef = CCDB8B861CCDA4980005D0CC /* Assets.xcassets */; };
		CCDB8B8A1CCDA4980005D0CC /* LaunchScreen.storyboard in Resources */ = {isa = PBXBuildFile; fileRef = CCDB8B881CCDA4980005D0CC /* LaunchScreen.storyboard */; };
/* End PBXBuildFile section */

/* Begin PBXCopyFilesBuildPhase section */
		CCDB8C791CCDB9160005D0CC /* Embed Frameworks */ = {
			isa = PBXCopyFilesBuildPhase;
			buildActionMask = 2147483647;
			dstPath = "";
			dstSubfolderSpec = 10;
			files = (
				CC8128B01CCF09600086C214 /* LSCoreTool.framework in Embed Frameworks */,
			);
			name = "Embed Frameworks";
			runOnlyForDeploymentPostprocessing = 0;
		};
/* End PBXCopyFilesBuildPhase section */

/* Begin PBXFileReference section */
		CC8128AD1CCF07B90086C214 /* LSCoreTool.framework */ = {isa = PBXFileReference; lastKnownFileType = wrapper.framework; path = LSCoreTool.framework; sourceTree = "<group>"; };
		CCDB8B771CCDA4980005D0CC /* LSCoreToolTest.app */ = {isa = PBXFileReference; explicitFileType = wrapper.application; includeInIndex = 0; path = LSCoreToolTest.app; sourceTree = BUILT_PRODUCTS_DIR; };
		CCDB8B7B1CCDA4980005D0CC /* main.m */ = {isa = PBXFileReference; lastKnownFileType = sourcecode.c.objc; path = main.m; sourceTree = "<group>"; };
		CCDB8B7D1CCDA4980005D0CC /* AppDelegate.h */ = {isa = PBXFileReference; lastKnownFileType = sourcecode.c.h; path = AppDelegate.h; sourceTree = "<group>"; };
		CCDB8B7E1CCDA4980005D0CC /* AppDelegate.m */ = {isa = PBXFileReference; lastKnownFileType = sourcecode.c.objc; path = AppDelegate.m; sourceTree = "<group>"; };
		CCDB8B801CCDA4980005D0CC /* ViewController.h */ = {isa = PBXFileReference; lastKnownFileType = sourcecode.c.h; path = ViewController.h; sourceTree = "<group>"; };
		CCDB8B811CCDA4980005D0CC /* ViewController.m */ = {isa = PBXFileReference; lastKnownFileType = sourcecode.c.objc; path = ViewController.m; sourceTree = "<group>"; };
		CCDB8B841CCDA4980005D0CC /* Base */ = {isa = PBXFileReference; lastKnownFileType = file.storyboard; name = Base; path = Base.lproj/Main.storyboard; sourceTree = "<group>"; };
		CCDB8B861CCDA4980005D0CC /* Assets.xcassets */ = {isa = PBXFileReference; lastKnownFileType = folder.assetcatalog; path = Assets.xcassets; sourceTree = "<group>"; };
		CCDB8B891CCDA4980005D0CC /* Base */ = {isa = PBXFileReference; lastKnownFileType = file.storyboard; name = Base; path = Base.lproj/LaunchScreen.storyboard; sourceTree = "<group>"; };
		CCDB8B8B1CCDA4980005D0CC /* Info.plist */ = {isa = PBXFileReference; lastKnownFileType = text.plist.xml; path = Info.plist; sourceTree = "<group>"; };
/* End PBXFileReference section */

/* Begin PBXFrameworksBuildPhase section */
		CCDB8B741CCDA4980005D0CC /* Frameworks */ = {
			isa = PBXFrameworksBuildPhase;
			buildActionMask = 2147483647;
			files = (
				CC8128AF1CCF09600086C214 /* LSCoreTool.framework in Frameworks */,
				CC8128AE1CCF07B90086C214 /* LSCoreTool.framework in Frameworks */,
			);
			runOnlyForDeploymentPostprocessing = 0;
		};
/* End PBXFrameworksBuildPhase section */

/* Begin PBXGroup section */
		CCDB8B6E1CCDA4980005D0CC = {
			isa = PBXGroup;
			children = (
				CCDB8B791CCDA4980005D0CC /* LSCoreToolTest */,
				CCDB8B781CCDA4980005D0CC /* Products */,
			);
			sourceTree = "<group>";
		};
		CCDB8B781CCDA4980005D0CC /* Products */ = {
			isa = PBXGroup;
			children = (
				CCDB8B771CCDA4980005D0CC /* LSCoreToolTest.app */,
			);
			name = Products;
			sourceTree = "<group>";
		};
		CCDB8B791CCDA4980005D0CC /* LSCoreToolTest */ = {
			isa = PBXGroup;
			children = (
				CC8128AD1CCF07B90086C214 /* LSCoreTool.framework */,
				CCDB8B7D1CCDA4980005D0CC /* AppDelegate.h */,
				CCDB8B7E1CCDA4980005D0CC /* AppDelegate.m */,
				CCDB8B801CCDA4980005D0CC /* ViewController.h */,
				CCDB8B811CCDA4980005D0CC /* ViewController.m */,
				CCDB8B831CCDA4980005D0CC /* Main.storyboard */,
				CCDB8B861CCDA4980005D0CC /* Assets.xcassets */,
				CCDB8B881CCDA4980005D0CC /* LaunchScreen.storyboard */,
				CCDB8B8B1CCDA4980005D0CC /* Info.plist */,
				CCDB8B7A1CCDA4980005D0CC /* Supporting Files */,
			);
			path = LSCoreToolTest;
			sourceTree = "<group>";
		};
		CCDB8B7A1CCDA4980005D0CC /* Supporting Files */ = {
			isa = PBXGroup;
			children = (
				CCDB8B7B1CCDA4980005D0CC /* main.m */,
			);
			name = "Supporting Files";
			sourceTree = "<group>";
		};
/* End PBXGroup section */

/* Begin PBXNativeTarget section */
		CCDB8B761CCDA4980005D0CC /* LSCoreToolTest */ = {
			isa = PBXNativeTarget;
			buildConfigurationList = CCDB8B8E1CCDA4980005D0CC /* Build configuration list for PBXNativeTarget "LSCoreToolTest" */;
			buildPhases = (
				CCDB8B731CCDA4980005D0CC /* Sources */,
				CCDB8B741CCDA4980005D0CC /* Frameworks */,
				CCDB8B751CCDA4980005D0CC /* Resources */,
				CCDB8C791CCDB9160005D0CC /* Embed Frameworks */,
			);
			buildRules = (
			);
			dependencies = (
			);
			name = LSCoreToolTest;
			productName = LSCoreToolTest;
			productReference = CCDB8B771CCDA4980005D0CC /* LSCoreToolTest.app */;
			productType = "com.apple.product-type.application";
		};
/* End PBXNativeTarget section */

/* Begin PBXProject section */
		CCDB8B6F1CCDA4980005D0CC /* Project object */ = {
			isa = PBXProject;
			attributes = {
				LastUpgradeCheck = 0720;
				ORGANIZATIONNAME = Mag1cPanda;
				TargetAttributes = {
					CCDB8B761CCDA4980005D0CC = {
						CreatedOnToolsVersion = 7.2.1;
					};
				};
			};
			buildConfigurationList = CCDB8B721CCDA4980005D0CC /* Build configuration list for PBXProject "LSCoreToolTest" */;
			compatibilityVersion = "Xcode 3.2";
			developmentRegion = English;
			hasScannedForEncodings = 0;
			knownRegions = (
				en,
				Base,
			);
			mainGroup = CCDB8B6E1CCDA4980005D0CC;
			productRefGroup = CCDB8B781CCDA4980005D0CC /* Products */;
			projectDirPath = "";
			projectRoot = "";
			targets = (
				CCDB8B761CCDA4980005D0CC /* LSCoreToolTest */,
			);
		};
/* End PBXProject section */

/* Begin PBXResourcesBuildPhase section */
		CCDB8B751CCDA4980005D0CC /* Resources */ = {
			isa = PBXResourcesBuildPhase;
			buildActionMask = 2147483647;
			files = (
				CCDB8B8A1CCDA4980005D0CC /* LaunchScreen.storyboard in Resources */,
				CCDB8B871CCDA4980005D0CC /* Assets.xcassets in Resources */,
				CCDB8B851CCDA4980005D0CC /* Main.storyboard in Resources */,
			);
			runOnlyForDeploymentPostprocessing = 0;
		};
/* End PBXResourcesBuildPhase section */

/* Begin PBXSourcesBuildPhase section */
		CCDB8B731CCDA4980005D0CC /* Sources */ = {
			isa = PBXSourcesBuildPhase;
			buildActionMask = 2147483647;
			files = (
				CCDB8B821CCDA4980005D0CC /* ViewController.m in Sources */,
				CCDB8B7F1CCDA4980005D0CC /* AppDelegate.m in Sources */,
				CCDB8B7C1CCDA4980005D0CC /* main.m in Sources */,
			);
			runOnlyForDeploymentPostprocessing = 0;
		};
/* End PBXSourcesBuildPhase section */

/* Begin PBXVariantGroup section */
		CCDB8B831CCDA4980005D0CC /* Main.storyboard */ = {
			isa = PBXVariantGroup;
			children = (
				CCDB8B841CCDA4980005D0CC /* Base */,
			);
			name = Main.storyboard;
			sourceTree = "<group>";
		};
		CCDB8B881CCDA4980005D0CC /* LaunchScreen.storyboard */ = {
			isa = PBXVariantGroup;
			children = (
				CCDB8B891CCDA4980005D0CC /* Base */,
			);
			name = LaunchScreen.storyboard;
			sourceTree = "<group>";
		};
/* End PBXVariantGroup section */

/* Begin XCBuildConfiguration section */
		CCDB8B8C1CCDA4980005D0CC /* Debug */ = {
			isa = XCBuildConfiguration;
			buildSettings = {
				ALWAYS_SEARCH_USER_PATHS = NO;
				CLANG_CXX_LANGUAGE_STANDARD = "gnu++0x";
				CLANG_CXX_LIBRARY = "libc++";
				CLANG_ENABLE_MODULES = YES;
				CLANG_ENABLE_OBJC_ARC = YES;
				CLANG_WARN_BOOL_CONVERSION = YES;
				CLANG_WARN_CONSTANT_CONVERSION = YES;
				CLANG_WARN_DIRECT_OBJC_ISA_USAGE = YES_ERROR;
				CLANG_WARN_EMPTY_BODY = YES;
				CLANG_WARN_ENUM_CONVERSION = YES;
				CLANG_WARN_INT_CONVERSION = YES;
				CLANG_WARN_OBJC_ROOT_CLASS = YES_ERROR;
				CLANG_WARN_UNREACHABLE_CODE = YES;
				CLANG_WARN__DUPLICATE_METHOD_MATCH = YES;
				"CODE_SIGN_IDENTITY[sdk=iphoneos*]" = "iPhone Developer";
				COPY_PHASE_STRIP = NO;
				DEBUG_INFORMATION_FORMAT = dwarf;
				ENABLE_STRICT_OBJC_MSGSEND = YES;
				ENABLE_TESTABILITY = YES;
				GCC_C_LANGUAGE_STANDARD = gnu99;
				GCC_DYNAMIC_NO_PIC = NO;
				GCC_NO_COMMON_BLOCKS = YES;
				GCC_OPTIMIZATION_LEVEL = 0;
				GCC_PREPROCESSOR_DEFINITIONS = (
					"DEBUG=1",
					"$(inherited)",
				);
				GCC_WARN_64_TO_32_BIT_CONVERSION = YES;
				GCC_WARN_ABOUT_RETURN_TYPE = YES_ERROR;
				GCC_WARN_UNDECLARED_SELECTOR = YES;
				GCC_WARN_UNINITIALIZED_AUTOS = YES_AGGRESSIVE;
				GCC_WARN_UNUSED_FUNCTION = YES;
				GCC_WARN_UNUSED_VARIABLE = YES;
				IPHONEOS_DEPLOYMENT_TARGET = 9.2;
				MTL_ENABLE_DEBUG_INFO = YES;
				ONLY_ACTIVE_ARCH = YES;
				SDKROOT = iphoneos;
				TARGETED_DEVICE_FAMILY = "1,2";
			};
			name = Debug;
		};
		CCDB8B8D1CCDA4980005D0CC /* Release */ = {
			isa = XCBuildConfiguration;
			buildSettings = {
				ALWAYS_SEARCH_USER_PATHS = NO;
				CLANG_CXX_LANGUAGE_STANDARD = "gnu++0x";
				CLANG_CXX_LIBRARY = "libc++";
				CLANG_ENABLE_MODULES = YES;
				CLANG_ENABLE_OBJC_ARC = YES;
				CLANG_WARN_BOOL_CONVERSION = YES;
				CLANG_WARN_CONSTANT_CONVERSION = YES;
				CLANG_WARN_DIRECT_OBJC_ISA_USAGE = YES_ERROR;
				CLANG_WARN_EMPTY_BODY = YES;
				CLANG_WARN_ENUM_CONVERSION = YES;
				CLANG_WARN_INT_CONVERSION = YES;
				CLANG_WARN_OBJC_ROOT_CLASS = YES_ERROR;
				CLANG_WARN_UNREACHABLE_CODE = YES;
				CLANG_WARN__DUPLICATE_METHOD_MATCH = YES;
				"CODE_SIGN_IDENTITY[sdk=iphoneos*]" = "iPhone Developer";
				COPY_PHASE_STRIP = NO;
				DEBUG_INFORMATION_FORMAT = "dwarf-with-dsym";
				ENABLE_NS_ASSERTIONS = NO;
				ENABLE_STRICT_OBJC_MSGSEND = YES;
				GCC_C_LANGUAGE_STANDARD = gnu99;
				GCC_NO_COMMON_BLOCKS = YES;
				GCC_WARN_64_TO_32_BIT_CONVERSION = YES;
				GCC_WARN_ABOUT_RETURN_TYPE = YES_ERROR;
				GCC_WARN_UNDECLARED_SELECTOR = YES;
				GCC_WARN_UNINITIALIZED_AUTOS = YES_AGGRESSIVE;
				GCC_WARN_UNUSED_FUNCTION = YES;
				GCC_WARN_UNUSED_VARIABLE = YES;
				IPHONEOS_DEPLOYMENT_TARGET = 9.2;
				MTL_ENABLE_DEBUG_INFO = NO;
				SDKROOT = iphoneos;
				TARGETED_DEVICE_FAMILY = "1,2";
				VALIDATE_PRODUCT = YES;
			};
			name = Release;
		};
		CCDB8B8F1CCDA4980005D0CC /* Debug */ = {
			isa = XCBuildConfiguration;
			buildSettings = {
				ASSETCATALOG_COMPILER_APPICON_NAME = AppIcon;
				FRAMEWORK_SEARCH_PATHS = (
					"$(inherited)",
					"$(PROJECT_DIR)/LSCoreToolTest",
				);
				INFOPLIST_FILE = LSCoreToolTest/Info.plist;
				IPHONEOS_DEPLOYMENT_TARGET = 8.0;
				LD_RUNPATH_SEARCH_PATHS = "$(inherited) @executable_path/Frameworks";
				LIBRARY_SEARCH_PATHS = (
					"$(inherited)",
					"$(PROJECT_DIR)/LSCoreToolTest",
				);
				PRODUCT_BUNDLE_IDENTIFIER = com.Mag1cPanda.LSCoreToolTest;
				PRODUCT_NAME = "$(TARGET_NAME)";
				WARNING_CFLAGS = "-Wno-incomplete-umbrella";
			};
			name = Debug;
		};
		CCDB8B901CCDA4980005D0CC /* Release */ = {
			isa = XCBuildConfiguration;
			buildSettings = {
				ASSETCATALOG_COMPILER_APPICON_NAME = AppIcon;
				FRAMEWORK_SEARCH_PATHS = (
					"$(inherited)",
					"$(PROJECT_DIR)/LSCoreToolTest",
				);
				INFOPLIST_FILE = LSCoreToolTest/Info.plist;
				IPHONEOS_DEPLOYMENT_TARGET = 8.0;
				LD_RUNPATH_SEARCH_PATHS = "$(inherited) @executable_path/Frameworks";
				LIBRARY_SEARCH_PATHS = (
					"$(inherited)",
					"$(PROJECT_DIR)/LSCoreToolTest",
				);
				PRODUCT_BUNDLE_IDENTIFIER = com.Mag1cPanda.LSCoreToolTest;
				PRODUCT_NAME = "$(TARGET_NAME)";
				WARNING_CFLAGS = "-Wno-incomplete-umbrella";
			};
			name = Release;
		};
/* End XCBuildConfiguration section */

/* Begin XCConfigurationList section */
		CCDB8B721CCDA4980005D0CC /* Build configuration list for PBXProject "LSCoreToolTest" */ = {
			isa = XCConfigurationList;
			buildConfigurations = (
				CCDB8B8C1CCDA4980005D0CC /* Debug */,
				CCDB8B8D1CCDA4980005D0CC /* Release */,
			);
			defaultConfigurationIsVisible = 0;
			defaultConfigurationName = Release;
		};
		CCDB8B8E1CCDA4980005D0CC /* Build configuration list for PBXNativeTarget "LSCoreToolTest" */ = {
			isa = XCConfigurationList;
			buildConfigurations = (
				CCDB8B8F1CCDA4980005D0CC /* Debug */,
				CCDB8B901CCDA4980005D0CC /* Release */,
			);
			defaultConfigurationIsVisible = 0;
			defaultConfigurationName = Release;
		};
/* End XCConfigurationList section */
	};
	rootObject = CCDB8B6F1CCDA4980005D0CC /* Project object */;
}
